
Microsoft Visual Studio Solution File, Format Version 12.00
# Visual Studio Version 17
VisualStudioVersion = 17.7.34221.43
MinimumVisualStudioVersion = 10.0.40219.1
Project("{FAE04EC0-301F-11D3-BF4B-00C04F79EFBC}") = "PalavraThis", "PalavraThis.csproj", "{78AFC2DB-D0B3-46F2-B412-1DB5928910DB}"
EndProject
Global
	GlobalSection(SolutionConfigurationPlatforms) = preSolution
		Debug|Any CPU = Debug|Any CPU
		Release|Any CPU = Release|Any CPU
	EndGlobalSection
	GlobalSection(ProjectConfigurationPlatforms) = postSolution
		{78AFC2DB-D0B3-46F2-B412-1DB5928910DB}.Debug|Any CPU.ActiveCfg = Debug|Any CPU
		{78AFC2DB-D0B3-46F2-B412-1DB5928910DB}.Debug|Any CPU.Build.0 = Debug|Any CPU
		{78AFC2DB-D0B3-46F2-B412-1DB5928910DB}.Release|Any CPU.ActiveCfg = Release|Any CPU
		{78AFC2DB-D0B3-46F2-B412-1DB5928910DB}.Release|Any CPU.Build.0 = Release|Any CPU
	EndGlobalSection
	GlobalSection(SolutionProperties) = preSolution
		HideSolutionNode = FALSE
	EndGlobalSection
	GlobalSection(ExtensibilityGlobals) = postSolution
		SolutionGuid = {5EBF8E71-96A6-421A-B4FF-9B5BDEF94322}
	EndGlobalSection
EndGlobal
